
Microsoft Visual Studio Solution File, Format Version 12.00
# Visual Studio 15
VisualStudioVersion = 15.0.27703.2000
MinimumVisualStudioVersion = 10.0.40219.1
Project("{FAE04EC0-301F-11D3-BF4B-00C04F79EFBC}") = "SysEnvironment", "SysEnvironment\SysEnvironment.csproj", "{B661540D-15A1-4F8E-80EE-2F101FCB1D74}"
EndProject
Global
	GlobalSection(SolutionConfigurationPlatforms) = preSolution
		Debug|Any CPU = Debug|Any CPU
		Release|Any CPU = Release|Any CPU
	EndGlobalSection
	GlobalSection(ProjectConfigurationPlatforms) = postSolution
		{B661540D-15A1-4F8E-80EE-2F101FCB1D74}.Debug|Any CPU.ActiveCfg = Debug|Any CPU
		{B661540D-15A1-4F8E-80EE-2F101FCB1D74}.Debug|Any CPU.Build.0 = Debug|Any CPU
		{B661540D-15A1-4F8E-80EE-2F101FCB1D74}.Release|Any CPU.ActiveCfg = Release|Any CPU
		{B661540D-15A1-4F8E-80EE-2F101FCB1D74}.Release|Any CPU.Build.0 = Release|Any CPU
	EndGlobalSection
	GlobalSection(SolutionProperties) = preSolution
		HideSolutionNode = FALSE
	EndGlobalSection
	GlobalSection(ExtensibilityGlobals) = postSolution
		SolutionGuid = {9D4168D1-EB8A-4DEC-8F84-FF80C8BEB31F}
	EndGlobalSection
EndGlobal
